// !$*UTF8*$!
{
	archiveVersion = 1;
	classes = {
	};
	objectVersion = 51;
	objects = {

/* Begin PBXBuildFile section */
		3FD7DF5CF1B3F47D0F98ED1A /* Pods_AProject.framework in Frameworks */ = {isa = PBXBuildFile; fileRef = 66CF2D85B134954260078591 /* Pods_AProject.framework */; };
		F7495496234042DE003F7A59 /* AppDelegate.m in Sources */ = {isa = PBXBuildFile; fileRef = F7495495234042DE003F7A59 /* AppDelegate.m */; };
		F7495499234042DE003F7A59 /* ViewController.m in Sources */ = {isa = PBXBuildFile; fileRef = F7495498234042DE003F7A59 /* ViewController.m */; };
		F749549C234042DE003F7A59 /* Main.storyboard in Resources */ = {isa = PBXBuildFile; fileRef = F749549A234042DE003F7A59 /* Main.storyboard */; };
		F749549E234042E8003F7A59 /* Assets.xcassets in Resources */ = {isa = PBXBuildFile; fileRef = F749549D234042E8003F7A59 /* Assets.xcassets */; };
		F74954A1234042E8003F7A59 /* LaunchScreen.storyboard in Resources */ = {isa = PBXBuildFile; fileRef = F749549F234042E8003F7A59 /* LaunchScreen.storyboard */; };
		F74954A4234042E8003F7A59 /* main.m in Sources */ = {isa = PBXBuildFile; fileRef = F74954A3234042E8003F7A59 /* main.m */; };
		F74954DE23405447003F7A59 /* AViewController.m in Sources */ = {isa = PBXBuildFile; fileRef = F74954DC23405447003F7A59 /* AViewController.m */; };
		F74955352340AFF6003F7A59 /* Target_A.m in Sources */ = {isa = PBXBuildFile; fileRef = F74955332340AFF6003F7A59 /* Target_A.m */; };
/* End PBXBuildFile section */

/* Begin PBXFileReference section */
		0537E3FFE6CAEF40B91A6D14 /* Pods-AProject.release.xcconfig */ = {isa = PBXFileReference; includeInIndex = 1; lastKnownFileType = text.xcconfig; name = "Pods-AProject.release.xcconfig"; path = "Target Support Files/Pods-AProject/Pods-AProject.release.xcconfig"; sourceTree = "<group>"; };
		66CF2D85B134954260078591 /* Pods_AProject.framework */ = {isa = PBXFileReference; explicitFileType = wrapper.framework; includeInIndex = 0; path = Pods_AProject.framework; sourceTree = BUILT_PRODUCTS_DIR; };
		8EAFF940AA9C6ECC470AC135 /* Pods-AProject.debug.xcconfig */ = {isa = PBXFileReference; includeInIndex = 1; lastKnownFileType = text.xcconfig; name = "Pods-AProject.debug.xcconfig"; path = "Target Support Files/Pods-AProject/Pods-AProject.debug.xcconfig"; sourceTree = "<group>"; };
		F7495491234042DE003F7A59 /* AProject.app */ = {isa = PBXFileReference; explicitFileType = wrapper.application; includeInIndex = 0; path = AProject.app; sourceTree = BUILT_PRODUCTS_DIR; };
		F7495494234042DE003F7A59 /* AppDelegate.h */ = {isa = PBXFileReference; lastKnownFileType = sourcecode.c.h; path = AppDelegate.h; sourceTree = "<group>"; };
		F7495495234042DE003F7A59 /* AppDelegate.m */ = {isa = PBXFileReference; lastKnownFileType = sourcecode.c.objc; path = AppDelegate.m; sourceTree = "<group>"; };
		F7495497234042DE003F7A59 /* ViewController.h */ = {isa = PBXFileReference; lastKnownFileType = sourcecode.c.h; path = ViewController.h; sourceTree = "<group>"; };
		F7495498234042DE003F7A59 /* ViewController.m */ = {isa = PBXFileReference; lastKnownFileType = sourcecode.c.objc; path = ViewController.m; sourceTree = "<group>"; };
		F749549B234042DE003F7A59 /* Base */ = {isa = PBXFileReference; lastKnownFileType = file.storyboard; name = Base; path = Base.lproj/Main.storyboard; sourceTree = "<group>"; };
		F749549D234042E8003F7A59 /* Assets.xcassets */ = {isa = PBXFileReference; lastKnownFileType = folder.assetcatalog; path = Assets.xcassets; sourceTree = "<group>"; };
		F74954A0234042E8003F7A59 /* Base */ = {isa = PBXFileReference; lastKnownFileType = file.storyboard; name = Base; path = Base.lproj/LaunchScreen.storyboard; sourceTree = "<group>"; };
		F74954A2234042E8003F7A59 /* Info.plist */ = {isa = PBXFileReference; lastKnownFileType = text.plist.xml; path = Info.plist; sourceTree = "<group>"; };
		F74954A3234042E8003F7A59 /* main.m */ = {isa = PBXFileReference; lastKnownFileType = sourcecode.c.objc; path = main.m; sourceTree = "<group>"; };
		F74954DC23405447003F7A59 /* AViewController.m */ = {isa = PBXFileReference; fileEncoding = 4; lastKnownFileType = sourcecode.c.objc; path = AViewController.m; sourceTree = "<group>"; };
		F74954DD23405447003F7A59 /* AViewController.h */ = {isa = PBXFileReference; fileEncoding = 4; lastKnownFileType = sourcecode.c.h; path = AViewController.h; sourceTree = "<group>"; };
		F74955332340AFF6003F7A59 /* Target_A.m */ = {isa = PBXFileReference; fileEncoding = 4; lastKnownFileType = sourcecode.c.objc; path = Target_A.m; sourceTree = "<group>"; };
		F74955342340AFF6003F7A59 /* Target_A.h */ = {isa = PBXFileReference; fileEncoding = 4; lastKnownFileType = sourcecode.c.h; path = Target_A.h; sourceTree = "<group>"; };
/* End PBXFileReference section */

/* Begin PBXFrameworksBuildPhase section */
		F749548E234042DE003F7A59 /* Frameworks */ = {
			isa = PBXFrameworksBuildPhase;
			buildActionMask = 2147483647;
			files = (
				3FD7DF5CF1B3F47D0F98ED1A /* Pods_AProject.framework in Frameworks */,
			);
			runOnlyForDeploymentPostprocessing = 0;
		};
/* End PBXFrameworksBuildPhase section */

/* Begin PBXGroup section */
		751B4E44D7BA66ADC2D6DF78 /* Frameworks */ = {
			isa = PBXGroup;
			children = (
				66CF2D85B134954260078591 /* Pods_AProject.framework */,
			);
			name = Frameworks;
			sourceTree = "<group>";
		};
		8D9BEFF7559C92A661464B0B /* Pods */ = {
			isa = PBXGroup;
			children = (
				8EAFF940AA9C6ECC470AC135 /* Pods-AProject.debug.xcconfig */,
				0537E3FFE6CAEF40B91A6D14 /* Pods-AProject.release.xcconfig */,
			);
			path = Pods;
			sourceTree = "<group>";
		};
		F7495488234042DE003F7A59 = {
			isa = PBXGroup;
			children = (
				F7495493234042DE003F7A59 /* AProject */,
				F7495492234042DE003F7A59 /* Products */,
				8D9BEFF7559C92A661464B0B /* Pods */,
				751B4E44D7BA66ADC2D6DF78 /* Frameworks */,
			);
			sourceTree = "<group>";
		};
		F7495492234042DE003F7A59 /* Products */ = {
			isa = PBXGroup;
			children = (
				F7495491234042DE003F7A59 /* AProject.app */,
			);
			name = Products;
			sourceTree = "<group>";
		};
		F7495493234042DE003F7A59 /* AProject */ = {
			isa = PBXGroup;
			children = (
				F74954DB23405428003F7A59 /* AProject */,
				F7495494234042DE003F7A59 /* AppDelegate.h */,
				F7495495234042DE003F7A59 /* AppDelegate.m */,
				F7495497234042DE003F7A59 /* ViewController.h */,
				F7495498234042DE003F7A59 /* ViewController.m */,
				F749549A234042DE003F7A59 /* Main.storyboard */,
				F749549D234042E8003F7A59 /* Assets.xcassets */,
				F749549F234042E8003F7A59 /* LaunchScreen.storyboard */,
				F74954A2234042E8003F7A59 /* Info.plist */,
				F74954A3234042E8003F7A59 /* main.m */,
			);
			path = AProject;
			sourceTree = "<group>";
		};
		F74954DB23405428003F7A59 /* AProject */ = {
			isa = PBXGroup;
			children = (
				F74954E223405FE5003F7A59 /* Targets */,
				F74954DD23405447003F7A59 /* AViewController.h */,
				F74954DC23405447003F7A59 /* AViewController.m */,
			);
			path = AProject;
			sourceTree = "<group>";
		};
		F74954E223405FE5003F7A59 /* Targets */ = {
			isa = PBXGroup;
			children = (
				F74955342340AFF6003F7A59 /* Target_A.h */,
				F74955332340AFF6003F7A59 /* Target_A.m */,
			);
			path = Targets;
			sourceTree = "<group>";
		};
/* End PBXGroup section */

/* Begin PBXNativeTarget section */
		F7495490234042DE003F7A59 /* AProject */ = {
			isa = PBXNativeTarget;
			buildConfigurationList = F74954A7234042E8003F7A59 /* Build configuration list for PBXNativeTarget "AProject" */;
			buildPhases = (
				EE1B6A8BCB808129E12425A9 /* [CP] Check Pods Manifest.lock */,
				F749548D234042DE003F7A59 /* Sources */,
				F749548E234042DE003F7A59 /* Frameworks */,
				F749548F234042DE003F7A59 /* Resources */,
				2188004B0823804132B74B52 /* [CP] Embed Pods Frameworks */,
			);
			buildRules = (
			);
			dependencies = (
			);
			name = AProject;
			productName = AProject;
			productReference = F7495491234042DE003F7A59 /* AProject.app */;
			productType = "com.apple.product-type.application";
		};
/* End PBXNativeTarget section */

/* Begin PBXProject section */
		F7495489234042DE003F7A59 /* Project object */ = {
			isa = PBXProject;
			attributes = {
				LastUpgradeCheck = 1030;
				ORGANIZATIONNAME = Ray;
				TargetAttributes = {
					F7495490234042DE003F7A59 = {
						CreatedOnToolsVersion = 10.3;
					};
				};
			};
			buildConfigurationList = F749548C234042DE003F7A59 /* Build configuration list for PBXProject "AProject" */;
			compatibilityVersion = "Xcode 9.3";
			developmentRegion = en;
			hasScannedForEncodings = 0;
			knownRegions = (
				en,
				Base,
			);
			mainGroup = F7495488234042DE003F7A59;
			productRefGroup = F7495492234042DE003F7A59 /* Products */;
			projectDirPath = "";
			projectRoot = "";
			targets = (
				F7495490234042DE003F7A59 /* AProject */,
			);
		};
/* End PBXProject section */

/* Begin PBXResourcesBuildPhase section */
		F749548F234042DE003F7A59 /* Resources */ = {
			isa = PBXResourcesBuildPhase;
			buildActionMask = 2147483647;
			files = (
				F74954A1234042E8003F7A59 /* LaunchScreen.storyboard in Resources */,
				F749549E234042E8003F7A59 /* Assets.xcassets in Resources */,
				F749549C234042DE003F7A59 /* Main.storyboard in Resources */,
			);
			runOnlyForDeploymentPostprocessing = 0;
		};
/* End PBXResourcesBuildPhase section */

/* Begin PBXShellScriptBuildPhase section */
		2188004B0823804132B74B52 /* [CP] Embed Pods Frameworks */ = {
			isa = PBXShellScriptBuildPhase;
			buildActionMask = 2147483647;
			files = (
			);
			inputFileListPaths = (
				"${PODS_ROOT}/Target Support Files/Pods-AProject/Pods-AProject-frameworks-${CONFIGURATION}-input-files.xcfilelist",
			);
			name = "[CP] Embed Pods Frameworks";
			outputFileListPaths = (
				"${PODS_ROOT}/Target Support Files/Pods-AProject/Pods-AProject-frameworks-${CONFIGURATION}-output-files.xcfilelist",
			);
			runOnlyForDeploymentPostprocessing = 0;
			shellPath = /bin/sh;
			shellScript = "\"${PODS_ROOT}/Target Support Files/Pods-AProject/Pods-AProject-frameworks.sh\"\n";
			showEnvVarsInLog = 0;
		};
		EE1B6A8BCB808129E12425A9 /* [CP] Check Pods Manifest.lock */ = {
			isa = PBXShellScriptBuildPhase;
			buildActionMask = 2147483647;
			files = (
			);
			inputFileListPaths = (
			);
			inputPaths = (
				"${PODS_PODFILE_DIR_PATH}/Podfile.lock",
				"${PODS_ROOT}/Manifest.lock",
			);
			name = "[CP] Check Pods Manifest.lock";
			outputFileListPaths = (
			);
			outputPaths = (
				"$(DERIVED_FILE_DIR)/Pods-AProject-checkManifestLockResult.txt",
			);
			runOnlyForDeploymentPostprocessing = 0;
			shellPath = /bin/sh;
			shellScript = "diff \"${PODS_PODFILE_DIR_PATH}/Podfile.lock\" \"${PODS_ROOT}/Manifest.lock\" > /dev/null\nif [ $? != 0 ] ; then\n    # print error to STDERR\n    echo \"error: The sandbox is not in sync with the Podfile.lock. Run 'pod install' or update your CocoaPods installation.\" >&2\n    exit 1\nfi\n# This output is used by Xcode 'outputs' to avoid re-running this script phase.\necho \"SUCCESS\" > \"${SCRIPT_OUTPUT_FILE_0}\"\n";
			showEnvVarsInLog = 0;
		};
/* End PBXShellScriptBuildPhase section */

/* Begin PBXSourcesBuildPhase section */
		F749548D234042DE003F7A59 /* Sources */ = {
			isa = PBXSourcesBuildPhase;
			buildActionMask = 2147483647;
			files = (
				F74954DE23405447003F7A59 /* AViewController.m in Sources */,
				F7495499234042DE003F7A59 /* ViewController.m in Sources */,
				F74954A4234042E8003F7A59 /* main.m in Sources */,
				F74955352340AFF6003F7A59 /* Target_A.m in Sources */,
				F7495496234042DE003F7A59 /* AppDelegate.m in Sources */,
			);
			runOnlyForDeploymentPostprocessing = 0;
		};
/* End PBXSourcesBuildPhase section */

/* Begin PBXVariantGroup section */
		F749549A234042DE003F7A59 /* Main.storyboard */ = {
			isa = PBXVariantGroup;
			children = (
				F749549B234042DE003F7A59 /* Base */,
			);
			name = Main.storyboard;
			sourceTree = "<group>";
		};
		F749549F234042E8003F7A59 /* LaunchScreen.storyboard */ = {
			isa = PBXVariantGroup;
			children = (
				F74954A0234042E8003F7A59 /* Base */,
			);
			name = LaunchScreen.storyboard;
			sourceTree = "<group>";
		};
/* End PBXVariantGroup section */

/* Begin XCBuildConfiguration section */
		F74954A5234042E8003F7A59 /* Debug */ = {
			isa = XCBuildConfiguration;
			buildSettings = {
				ALWAYS_SEARCH_USER_PATHS = NO;
				CLANG_ANALYZER_NONNULL = YES;
				CLANG_ANALYZER_NUMBER_OBJECT_CONVERSION = YES_AGGRESSIVE;
				CLANG_CXX_LANGUAGE_STANDARD = "gnu++14";
				CLANG_CXX_LIBRARY = "libc++";
				CLANG_ENABLE_MODULES = YES;
				CLANG_ENABLE_OBJC_ARC = YES;
				CLANG_ENABLE_OBJC_WEAK = YES;
				CLANG_WARN_BLOCK_CAPTURE_AUTORELEASING = YES;
				CLANG_WARN_BOOL_CONVERSION = YES;
				CLANG_WARN_COMMA = YES;
				CLANG_WARN_CONSTANT_CONVERSION = YES;
				CLANG_WARN_DEPRECATED_OBJC_IMPLEMENTATIONS = YES;
				CLANG_WARN_DIRECT_OBJC_ISA_USAGE = YES_ERROR;
				CLANG_WARN_DOCUMENTATION_COMMENTS = YES;
				CLANG_WARN_EMPTY_BODY = YES;
				CLANG_WARN_ENUM_CONVERSION = YES;
				CLANG_WARN_INFINITE_RECURSION = YES;
				CLANG_WARN_INT_CONVERSION = YES;
				CLANG_WARN_NON_LITERAL_NULL_CONVERSION = YES;
				CLANG_WARN_OBJC_IMPLICIT_RETAIN_SELF = YES;
				CLANG_WARN_OBJC_LITERAL_CONVERSION = YES;
				CLANG_WARN_OBJC_ROOT_CLASS = YES_ERROR;
				CLANG_WARN_RANGE_LOOP_ANALYSIS = YES;
				CLANG_WARN_STRICT_PROTOTYPES = YES;
				CLANG_WARN_SUSPICIOUS_MOVE = YES;
				CLANG_WARN_UNGUARDED_AVAILABILITY = YES_AGGRESSIVE;
				CLANG_WARN_UNREACHABLE_CODE = YES;
				CLANG_WARN__DUPLICATE_METHOD_MATCH = YES;
				CODE_SIGN_IDENTITY = "iPhone Developer";
				COPY_PHASE_STRIP = NO;
				DEBUG_INFORMATION_FORMAT = dwarf;
				ENABLE_STRICT_OBJC_MSGSEND = YES;
				ENABLE_TESTABILITY = YES;
				GCC_C_LANGUAGE_STANDARD = gnu11;
				GCC_DYNAMIC_NO_PIC = NO;
				GCC_NO_COMMON_BLOCKS = YES;
				GCC_OPTIMIZATION_LEVEL = 0;
				GCC_PREPROCESSOR_DEFINITIONS = (
					"DEBUG=1",
					"$(inherited)",
				);
				GCC_WARN_64_TO_32_BIT_CONVERSION = YES;
				GCC_WARN_ABOUT_RETURN_TYPE = YES_ERROR;
				GCC_WARN_UNDECLARED_SELECTOR = YES;
				GCC_WARN_UNINITIALIZED_AUTOS = YES_AGGRESSIVE;
				GCC_WARN_UNUSED_FUNCTION = YES;
				GCC_WARN_UNUSED_VARIABLE = YES;
				IPHONEOS_DEPLOYMENT_TARGET = 12.4;
				MTL_ENABLE_DEBUG_INFO = INCLUDE_SOURCE;
				MTL_FAST_MATH = YES;
				ONLY_ACTIVE_ARCH = YES;
				SDKROOT = iphoneos;
			};
			name = Debug;
		};
		F74954A6234042E8003F7A59 /* Release */ = {
			isa = XCBuildConfiguration;
			buildSettings = {
				ALWAYS_SEARCH_USER_PATHS = NO;
				CLANG_ANALYZER_NONNULL = YES;
				CLANG_ANALYZER_NUMBER_OBJECT_CONVERSION = YES_AGGRESSIVE;
				CLANG_CXX_LANGUAGE_STANDARD = "gnu++14";
				CLANG_CXX_LIBRARY = "libc++";
				CLANG_ENABLE_MODULES = YES;
				CLANG_ENABLE_OBJC_ARC = YES;
				CLANG_ENABLE_OBJC_WEAK = YES;
				CLANG_WARN_BLOCK_CAPTURE_AUTORELEASING = YES;
				CLANG_WARN_BOOL_CONVERSION = YES;
				CLANG_WARN_COMMA = YES;
				CLANG_WARN_CONSTANT_CONVERSION = YES;
				CLANG_WARN_DEPRECATED_OBJC_IMPLEMENTATIONS = YES;
				CLANG_WARN_DIRECT_OBJC_ISA_USAGE = YES_ERROR;
				CLANG_WARN_DOCUMENTATION_COMMENTS = YES;
				CLANG_WARN_EMPTY_BODY = YES;
				CLANG_WARN_ENUM_CONVERSION = YES;
				CLANG_WARN_INFINITE_RECURSION = YES;
				CLANG_WARN_INT_CONVERSION = YES;
				CLANG_WARN_NON_LITERAL_NULL_CONVERSION = YES;
				CLANG_WARN_OBJC_IMPLICIT_RETAIN_SELF = YES;
				CLANG_WARN_OBJC_LITERAL_CONVERSION = YES;
				CLANG_WARN_OBJC_ROOT_CLASS = YES_ERROR;
				CLANG_WARN_RANGE_LOOP_ANALYSIS = YES;
				CLANG_WARN_STRICT_PROTOTYPES = YES;
				CLANG_WARN_SUSPICIOUS_MOVE = YES;
				CLANG_WARN_UNGUARDED_AVAILABILITY = YES_AGGRESSIVE;
				CLANG_WARN_UNREACHABLE_CODE = YES;
				CLANG_WARN__DUPLICATE_METHOD_MATCH = YES;
				CODE_SIGN_IDENTITY = "iPhone Developer";
				COPY_PHASE_STRIP = NO;
				DEBUG_INFORMATION_FORMAT = "dwarf-with-dsym";
				ENABLE_NS_ASSERTIONS = NO;
				ENABLE_STRICT_OBJC_MSGSEND = YES;
				GCC_C_LANGUAGE_STANDARD = gnu11;
				GCC_NO_COMMON_BLOCKS = YES;
				GCC_WARN_64_TO_32_BIT_CONVERSION = YES;
				GCC_WARN_ABOUT_RETURN_TYPE = YES_ERROR;
				GCC_WARN_UNDECLARED_SELECTOR = YES;
				GCC_WARN_UNINITIALIZED_AUTOS = YES_AGGRESSIVE;
				GCC_WARN_UNUSED_FUNCTION = YES;
				GCC_WARN_UNUSED_VARIABLE = YES;
				IPHONEOS_DEPLOYMENT_TARGET = 12.4;
				MTL_ENABLE_DEBUG_INFO = NO;
				MTL_FAST_MATH = YES;
				SDKROOT = iphoneos;
				VALIDATE_PRODUCT = YES;
			};
			name = Release;
		};
		F74954A8234042E8003F7A59 /* Debug */ = {
			isa = XCBuildConfiguration;
			baseConfigurationReference = 8EAFF940AA9C6ECC470AC135 /* Pods-AProject.debug.xcconfig */;
			buildSettings = {
				ASSETCATALOG_COMPILER_APPICON_NAME = AppIcon;
				CODE_SIGN_STYLE = Automatic;
				DEVELOPMENT_TEAM = 6QCWVCKATL;
				INFOPLIST_FILE = AProject/Info.plist;
				IPHONEOS_DEPLOYMENT_TARGET = 9.0;
				LD_RUNPATH_SEARCH_PATHS = (
					"$(inherited)",
					"@executable_path/Frameworks",
				);
				PRODUCT_BUNDLE_IDENTIFIER = "com.ray-ios.AProject";
				PRODUCT_NAME = "$(TARGET_NAME)";
				TARGETED_DEVICE_FAMILY = "1,2";
			};
			name = Debug;
		};
		F74954A9234042E8003F7A59 /* Release */ = {
			isa = XCBuildConfiguration;
			baseConfigurationReference = 0537E3FFE6CAEF40B91A6D14 /* Pods-AProject.release.xcconfig */;
			buildSettings = {
				ASSETCATALOG_COMPILER_APPICON_NAME = AppIcon;
				CODE_SIGN_STYLE = Automatic;
				DEVELOPMENT_TEAM = 6QCWVCKATL;
				INFOPLIST_FILE = AProject/Info.plist;
				IPHONEOS_DEPLOYMENT_TARGET = 9.0;
				LD_RUNPATH_SEARCH_PATHS = (
					"$(inherited)",
					"@executable_path/Frameworks",
				);
				PRODUCT_BUNDLE_IDENTIFIER = "com.ray-ios.AProject";
				PRODUCT_NAME = "$(TARGET_NAME)";
				TARGETED_DEVICE_FAMILY = "1,2";
			};
			name = Release;
		};
/* End XCBuildConfiguration section */

/* Begin XCConfigurationList section */
		F749548C234042DE003F7A59 /* Build configuration list for PBXProject "AProject" */ = {
			isa = XCConfigurationList;
			buildConfigurations = (
				F74954A5234042E8003F7A59 /* Debug */,
				F74954A6234042E8003F7A59 /* Release */,
			);
			defaultConfigurationIsVisible = 0;
			defaultConfigurationName = Release;
		};
		F74954A7234042E8003F7A59 /* Build configuration list for PBXNativeTarget "AProject" */ = {
			isa = XCConfigurationList;
			buildConfigurations = (
				F74954A8234042E8003F7A59 /* Debug */,
				F74954A9234042E8003F7A59 /* Release */,
			);
			defaultConfigurationIsVisible = 0;
			defaultConfigurationName = Release;
		};
/* End XCConfigurationList section */
	};
	rootObject = F7495489234042DE003F7A59 /* Project object */;
}
